
Microsoft Visual Studio Solution File, Format Version 12.00
# Visual Studio Version 17
VisualStudioVersion = 17.0.32002.185
MinimumVisualStudioVersion = 10.0.40219.1
Project("{8BC9CEB8-8B4A-11D0-8D11-00A0C91BC942}") = "Bouncy_Balls_SFML", "Bouncy_Balls_SFML\Bouncy_Balls_SFML.vcxproj", "{08103B0B-215E-4392-9CB2-9A7A2B0CD257}"
EndProject
Global
	GlobalSection(SolutionConfigurationPlatforms) = preSolution
		Debug|x64 = Debug|x64
		Debug|x86 = Debug|x86
		Release|x64 = Release|x64
		Release|x86 = Release|x86
	EndGlobalSection
	GlobalSection(ProjectConfigurationPlatforms) = postSolution
		{08103B0B-215E-4392-9CB2-9A7A2B0CD257}.Debug|x64.ActiveCfg = Debug|x64
		{08103B0B-215E-4392-9CB2-9A7A2B0CD257}.Debug|x64.Build.0 = Debug|x64
		{08103B0B-215E-4392-9CB2-9A7A2B0CD257}.Debug|x86.ActiveCfg = Debug|Win32
		{08103B0B-215E-4392-9CB2-9A7A2B0CD257}.Debug|x86.Build.0 = Debug|Win32
		{08103B0B-215E-4392-9CB2-9A7A2B0CD257}.Release|x64.ActiveCfg = Release|x64
		{08103B0B-215E-4392-9CB2-9A7A2B0CD257}.Release|x64.Build.0 = Release|x64
		{08103B0B-215E-4392-9CB2-9A7A2B0CD257}.Release|x86.ActiveCfg = Release|Win32
		{08103B0B-215E-4392-9CB2-9A7A2B0CD257}.Release|x86.Build.0 = Release|Win32
	EndGlobalSection
	GlobalSection(SolutionProperties) = preSolution
		HideSolutionNode = FALSE
	EndGlobalSection
	GlobalSection(ExtensibilityGlobals) = postSolution
		SolutionGuid = {A573A0B7-956B-426E-91CE-3D16799E2F35}
	EndGlobalSection
EndGlobal
